<?xml version="1.0" encoding="utf-8"?>
<Project ToolsVersion="4.0" xmlns="http://schemas.microsoft.com/developer/msbuild/2003">
  <ItemGroup>
    <Filter Include="Source Files">
      <UniqueIdentifier>{ee91076d-02e4-4cc3-880e-eb4dfc7fe82c}</UniqueIdentifier>
      <Extensions>cpp;c;cxx;rc;def;r;odl;hpj;bat;for;f90</Extensions>
    </Filter>
    <Filter Include="Header Files">
      <UniqueIdentifier>{aac91772-6dbc-411a-95c6-a83efeab6274}</UniqueIdentifier>
      <Extensions>h;hpp;hxx;hm;inl;fi;fd</Extensions>
    </Filter>
    <Filter Include="Resource Files">
      <UniqueIdentifier>{a99e0cce-ba28-4aa5-91e1-127d353bf6ca}</UniqueIdentifier>
      <Extensions>ico;cur;bmp;dlg;rc2;rct;bin;cnt;rtf;gif;jpg;jpeg;jpe</Extensions>
    </Filter>
  </ItemGroup>
  <ItemGroup>
    <ClCompile Include="3dfstbrk.cpp">
      <Filter>Source Files</Filter>
    </ClCompile>
    <ClCompile Include="Askgroup.cpp">
      <Filter>Source Files</Filter>
    </ClCompile>
    <ClCompile Include="Cdswpar.cpp">
      <Filter>Source Files</Filter>
    </ClCompile>
    <ClCompile Include="CheckT.cpp">
      <Filter>Source Files</Filter>
    </ClCompile>
    <ClCompile Include="ChildFrm.cpp">
      <Filter>Source Files</Filter>
    </ClCompile>
    <ClCompile Include="ColorDlg.cpp">
      <Filter>Source Files</Filter>
    </ClCompile>
    <ClCompile Include="ControlDoc.cpp">
      <Filter>Source Files</Filter>
    </ClCompile>
    <ClCompile Include="ControlFile.cpp">
      <Filter>Source Files</Filter>
    </ClCompile>
    <ClCompile Include="ControlView.cpp">
      <Filter>Source Files</Filter>
    </ClCompile>
    <ClCompile Include="DlgAppeData.cpp">
      <Filter>Source Files</Filter>
    </ClCompile>
    <ClCompile Include="DlgFbkShow.cpp">
      <Filter>Source Files</Filter>
    </ClCompile>
    <ClCompile Include="DlgPlusCoor.cpp">
      <Filter>Source Files</Filter>
    </ClCompile>
    <ClCompile Include="DlgRelation.cpp">
      <Filter>Source Files</Filter>
    </ClCompile>
    <ClCompile Include="Dpgnum.cpp">
      <Filter>Source Files</Filter>
    </ClCompile>
    <ClCompile Include="Drlispi.cpp">
      <Filter>Source Files</Filter>
    </ClCompile>
    <ClCompile Include="Drlnspn.cpp">
      <Filter>Source Files</Filter>
    </ClCompile>
    <ClCompile Include="Dsvsys.cpp">
      <Filter>Source Files</Filter>
    </ClCompile>
    <ClCompile Include="Dswnum.cpp">
      <Filter>Source Files</Filter>
    </ClCompile>
    <ClCompile Include="Equation.cpp">
      <Filter>Source Files</Filter>
    </ClCompile>
    <ClCompile Include="fbk.cpp">
      <Filter>Source Files</Filter>
    </ClCompile>
    <ClCompile Include="FbkDoc.cpp">
      <Filter>Source Files</Filter>
    </ClCompile>
    <ClCompile Include="FbkInFile.cpp">
      <Filter>Source Files</Filter>
    </ClCompile>
    <ClCompile Include="FbkPureDoc.cpp">
      <Filter>Source Files</Filter>
    </ClCompile>
    <ClCompile Include="FbkPureView.cpp">
      <Filter>Source Files</Filter>
    </ClCompile>
    <ClCompile Include="FbkView.cpp">
      <Filter>Source Files</Filter>
    </ClCompile>
    <ClCompile Include="Fh.cpp">
      <Filter>Source Files</Filter>
    </ClCompile>
    <ClCompile Include="Fileface.cpp">
      <Filter>Source Files</Filter>
    </ClCompile>
    <ClCompile Include="FontGroup.cpp">
      <Filter>Source Files</Filter>
    </ClCompile>
    <ClCompile Include="FrtCvr.cpp">
      <Filter>Source Files</Filter>
    </ClCompile>
    <ClCompile Include="InP190.cpp">
      <Filter>Source Files</Filter>
    </ClCompile>
    <ClCompile Include="Line.cpp">
      <Filter>Source Files</Filter>
    </ClCompile>
    <ClCompile Include="LWCtl.cpp">
      <Filter>Source Files</Filter>
    </ClCompile>
    <ClCompile Include="Mainfrm.cpp">
      <Filter>Source Files</Filter>
    </ClCompile>
    <ClCompile Include="Makeequa.cpp">
      <Filter>Source Files</Filter>
    </ClCompile>
    <ClCompile Include="Memequa.cpp">
      <Filter>Source Files</Filter>
    </ClCompile>
    <ClCompile Include="MidFbkFile.cpp">
      <Filter>Source Files</Filter>
    </ClCompile>
    <ClCompile Include="My3DPoint.cpp">
      <Filter>Source Files</Filter>
    </ClCompile>
    <ClCompile Include="Mylist.cpp">
      <Filter>Source Files</Filter>
    </ClCompile>
    <ClCompile Include="MyPrcPoint.cpp">
      <Filter>Source Files</Filter>
    </ClCompile>
    <ClCompile Include="Neunet.cpp">
      <Filter>Source Files</Filter>
    </ClCompile>
    <ClCompile Include="OutFbkFile.cpp">
      <Filter>Source Files</Filter>
    </ClCompile>
    <ClCompile Include="P190.cpp">
      <Filter>Source Files</Filter>
    </ClCompile>
    <ClCompile Include="P190Doc.cpp">
      <Filter>Source Files</Filter>
    </ClCompile>
    <ClCompile Include="P190View.cpp">
      <Filter>Source Files</Filter>
    </ClCompile>
    <ClCompile Include="posvalue.cpp">
      <Filter>Source Files</Filter>
    </ClCompile>
    <ClCompile Include="ProDlg.cpp">
      <Filter>Source Files</Filter>
    </ClCompile>
    <ClCompile Include="Progdlg.cpp">
      <Filter>Source Files</Filter>
    </ClCompile>
    <ClCompile Include="Relation.cpp">
      <Filter>Source Files</Filter>
    </ClCompile>
    <ClCompile Include="sndfile.cpp">
      <Filter>Source Files</Filter>
    </ClCompile>
    <ClCompile Include="SPPDoc.cpp">
      <Filter>Source Files</Filter>
    </ClCompile>
    <ClCompile Include="Sppmaker.cpp">
      <Filter>Source Files</Filter>
    </ClCompile>
    <ClCompile Include="SPPView.cpp">
      <Filter>Source Files</Filter>
    </ClCompile>
    <ClCompile Include="Stdafx.cpp">
      <Filter>Source Files</Filter>
    </ClCompile>
    <ClCompile Include="Svsys.cpp">
      <Filter>Source Files</Filter>
    </ClCompile>
    <ClCompile Include="Swathpar.cpp">
      <Filter>Source Files</Filter>
    </ClCompile>
    <ClCompile Include="TagLine.cpp">
      <Filter>Source Files</Filter>
    </ClCompile>
    <ClCompile Include="TDoc.cpp">
      <Filter>Source Files</Filter>
    </ClCompile>
    <ClCompile Include="testDoc.cpp">
      <Filter>Source Files</Filter>
    </ClCompile>
    <ClCompile Include="testView.cpp">
      <Filter>Source Files</Filter>
    </ClCompile>
    <ClCompile Include="TopoNet.cpp">
      <Filter>Source Files</Filter>
    </ClCompile>
    <ClCompile Include="TopoNetDoc.cpp">
      <Filter>Source Files</Filter>
    </ClCompile>
    <ClCompile Include="TopoNetView.cpp">
      <Filter>Source Files</Filter>
    </ClCompile>
    <ClCompile Include="TView.cpp">
      <Filter>Source Files</Filter>
    </ClCompile>
    <ClCompile Include="Unform.cpp">
      <Filter>Source Files</Filter>
    </ClCompile>
    <ClCompile Include="ValueFbk.cpp">
      <Filter>Source Files</Filter>
    </ClCompile>
    <ClCompile Include="ZDEquation.cpp">
      <Filter>Source Files</Filter>
    </ClCompile>
  </ItemGroup>
  <ItemGroup>
    <ResourceCompile Include="3dfstbrk.rc">
      <Filter>Source Files</Filter>
    </ResourceCompile>
  </ItemGroup>
  <ItemGroup>
    <ClInclude Include="ChildFrm.h">
      <Filter>Source Files</Filter>
    </ClInclude>
    <ClInclude Include="3dfstbrk.h">
      <Filter>Header Files</Filter>
    </ClInclude>
    <ClInclude Include="AskGroup.h">
      <Filter>Header Files</Filter>
    </ClInclude>
    <ClInclude Include="BlockTrace.h">
      <Filter>Header Files</Filter>
    </ClInclude>
    <ClInclude Include="cdswpar.h">
      <Filter>Header Files</Filter>
    </ClInclude>
    <ClInclude Include="CheckT.h">
      <Filter>Header Files</Filter>
    </ClInclude>
    <ClInclude Include="ColorDlg.h">
      <Filter>Header Files</Filter>
    </ClInclude>
    <ClInclude Include="ControlDoc.h">
      <Filter>Header Files</Filter>
    </ClInclude>
    <ClInclude Include="ControlFile.h">
      <Filter>Header Files</Filter>
    </ClInclude>
    <ClInclude Include="ControlView.h">
      <Filter>Header Files</Filter>
    </ClInclude>
    <ClInclude Include="DlgAppeData.h">
      <Filter>Header Files</Filter>
    </ClInclude>
    <ClInclude Include="DlgFbkShow.h">
      <Filter>Header Files</Filter>
    </ClInclude>
    <ClInclude Include="DlgPlusCoor.h">
      <Filter>Header Files</Filter>
    </ClInclude>
    <ClInclude Include="DlgRelation.h">
      <Filter>Header Files</Filter>
    </ClInclude>
    <ClInclude Include="Dpgnum.h">
      <Filter>Header Files</Filter>
    </ClInclude>
    <ClInclude Include="Drlispi.h">
      <Filter>Header Files</Filter>
    </ClInclude>
    <ClInclude Include="Drlnspn.h">
      <Filter>Header Files</Filter>
    </ClInclude>
    <ClInclude Include="Dsvsys.h">
      <Filter>Header Files</Filter>
    </ClInclude>
    <ClInclude Include="Dswnum.h">
      <Filter>Header Files</Filter>
    </ClInclude>
    <ClInclude Include="Equation.h">
      <Filter>Header Files</Filter>
    </ClInclude>
    <ClInclude Include="fbk.h">
      <Filter>Header Files</Filter>
    </ClInclude>
    <ClInclude Include="FbkDoc.h">
      <Filter>Header Files</Filter>
    </ClInclude>
    <ClInclude Include="FbkInFile.h">
      <Filter>Header Files</Filter>
    </ClInclude>
    <ClInclude Include="FbkPureDoc.h">
      <Filter>Header Files</Filter>
    </ClInclude>
    <ClInclude Include="FbkPureView.h">
      <Filter>Header Files</Filter>
    </ClInclude>
    <ClInclude Include="FbkView.h">
      <Filter>Header Files</Filter>
    </ClInclude>
    <ClInclude Include="fh.h">
      <Filter>Header Files</Filter>
    </ClInclude>
    <ClInclude Include="FileFace.h">
      <Filter>Header Files</Filter>
    </ClInclude>
    <ClInclude Include="FontGroup.h">
      <Filter>Header Files</Filter>
    </ClInclude>
    <ClInclude Include="FrtCvr.h">
      <Filter>Header Files</Filter>
    </ClInclude>
    <ClInclude Include="InP190.h">
      <Filter>Header Files</Filter>
    </ClInclude>
    <ClInclude Include="Line.h">
      <Filter>Header Files</Filter>
    </ClInclude>
    <ClInclude Include="LWCtl.h">
      <Filter>Header Files</Filter>
    </ClInclude>
    <ClInclude Include="Mainfrm.h">
      <Filter>Header Files</Filter>
    </ClInclude>
    <ClInclude Include="Makeequa.h">
      <Filter>Header Files</Filter>
    </ClInclude>
    <ClInclude Include="Memequa.h">
      <Filter>Header Files</Filter>
    </ClInclude>
    <ClInclude Include="MidFbkFile.h">
      <Filter>Header Files</Filter>
    </ClInclude>
    <ClInclude Include="My3DPoint.h">
      <Filter>Header Files</Filter>
    </ClInclude>
    <ClInclude Include="Mylist.h">
      <Filter>Header Files</Filter>
    </ClInclude>
    <ClInclude Include="Mypoint.h">
      <Filter>Header Files</Filter>
    </ClInclude>
    <ClInclude Include="MyPrcPoint.h">
      <Filter>Header Files</Filter>
    </ClInclude>
    <ClInclude Include="neunet.h">
      <Filter>Header Files</Filter>
    </ClInclude>
    <ClInclude Include="OutFbkFile.h">
      <Filter>Header Files</Filter>
    </ClInclude>
    <ClInclude Include="P190.h">
      <Filter>Header Files</Filter>
    </ClInclude>
    <ClInclude Include="P190Doc.h">
      <Filter>Header Files</Filter>
    </ClInclude>
    <ClInclude Include="P190View.h">
      <Filter>Header Files</Filter>
    </ClInclude>
    <ClInclude Include="posvalue.h">
      <Filter>Header Files</Filter>
    </ClInclude>
    <ClInclude Include="ProDlg.h">
      <Filter>Header Files</Filter>
    </ClInclude>
    <ClInclude Include="ProgDlg.h">
      <Filter>Header Files</Filter>
    </ClInclude>
    <ClInclude Include="pxyv.h">
      <Filter>Header Files</Filter>
    </ClInclude>
    <ClInclude Include="RcvPoint.h">
      <Filter>Header Files</Filter>
    </ClInclude>
    <ClInclude Include="Relation.h">
      <Filter>Header Files</Filter>
    </ClInclude>
    <ClInclude Include="resource.h">
      <Filter>Header Files</Filter>
    </ClInclude>
    <ClInclude Include="shotmsg.h">
      <Filter>Header Files</Filter>
    </ClInclude>
    <ClInclude Include="sndfile.h">
      <Filter>Header Files</Filter>
    </ClInclude>
    <ClInclude Include="Spp.h">
      <Filter>Header Files</Filter>
    </ClInclude>
    <ClInclude Include="SPPDoc.h">
      <Filter>Header Files</Filter>
    </ClInclude>
    <ClInclude Include="SPPMaker.h">
      <Filter>Header Files</Filter>
    </ClInclude>
    <ClInclude Include="SPPView.h">
      <Filter>Header Files</Filter>
    </ClInclude>
    <ClInclude Include="stdafx.h">
      <Filter>Header Files</Filter>
    </ClInclude>
    <ClInclude Include="Struct.h">
      <Filter>Header Files</Filter>
    </ClInclude>
    <ClInclude Include="Svsys.h">
      <Filter>Header Files</Filter>
    </ClInclude>
    <ClInclude Include="Swathpar.h">
      <Filter>Header Files</Filter>
    </ClInclude>
    <ClInclude Include="TagLine.h">
      <Filter>Header Files</Filter>
    </ClInclude>
    <ClInclude Include="TDoc.h">
      <Filter>Header Files</Filter>
    </ClInclude>
    <ClInclude Include="testDoc.h">
      <Filter>Header Files</Filter>
    </ClInclude>
    <ClInclude Include="testView.h">
      <Filter>Header Files</Filter>
    </ClInclude>
    <ClInclude Include="TopoNet.h">
      <Filter>Header Files</Filter>
    </ClInclude>
    <ClInclude Include="TopoNetDoc.h">
      <Filter>Header Files</Filter>
    </ClInclude>
    <ClInclude Include="TopoNetView.h">
      <Filter>Header Files</Filter>
    </ClInclude>
    <ClInclude Include="TView.h">
      <Filter>Header Files</Filter>
    </ClInclude>
    <ClInclude Include="Unform.h">
      <Filter>Header Files</Filter>
    </ClInclude>
    <ClInclude Include="ValueFbk.h">
      <Filter>Header Files</Filter>
    </ClInclude>
    <ClInclude Include="ZDEquation.h">
      <Filter>Header Files</Filter>
    </ClInclude>
  </ItemGroup>
  <ItemGroup>
    <Image Include="res\3dfstbrk.ico">
      <Filter>Resource Files</Filter>
    </Image>
    <Image Include="Res\bitmap1.bmp">
      <Filter>Resource Files</Filter>
    </Image>
    <Image Include="res\bitmap2.bmp">
      <Filter>Resource Files</Filter>
    </Image>
    <Image Include="res\bitmap3.bmp">
      <Filter>Resource Files</Filter>
    </Image>
    <Image Include="res\bitmap4.bmp">
      <Filter>Resource Files</Filter>
    </Image>
    <Image Include="res\bitmap5.bmp">
      <Filter>Resource Files</Filter>
    </Image>
    <Image Include="res\bitmap6.bmp">
      <Filter>Resource Files</Filter>
    </Image>
    <Image Include="res\bitmap7.bmp">
      <Filter>Resource Files</Filter>
    </Image>
    <Image Include="res\bitmap8.bmp">
      <Filter>Resource Files</Filter>
    </Image>
    <Image Include="res\bmp00001.bmp">
      <Filter>Resource Files</Filter>
    </Image>
    <Image Include="Res\checkt.bmp">
      <Filter>Resource Files</Filter>
    </Image>
    <Image Include="res\Fhsoft.ico">
      <Filter>Resource Files</Filter>
    </Image>
    <Image Include="res\Fstbrk.bmp">
      <Filter>Resource Files</Filter>
    </Image>
    <Image Include="Res\icon1.ico">
      <Filter>Resource Files</Filter>
    </Image>
    <Image Include="res\mainfram.bmp">
      <Filter>Resource Files</Filter>
    </Image>
    <Image Include="Res\menuspp.bmp">
      <Filter>Resource Files</Filter>
    </Image>
    <Image Include="Res\MenuSPP.ico">
      <Filter>Resource Files</Filter>
    </Image>
    <Image Include="Res\MenuT.ico">
      <Filter>Resource Files</Filter>
    </Image>
    <Image Include="res\Toolbar.bmp">
      <Filter>Resource Files</Filter>
    </Image>
  </ItemGroup>
  <ItemGroup>
    <Text Include="Limit.txt" />
    <Text Include="ProNote.txt" />
    <Text Include="Repair.txt" />
  </ItemGroup>
  <ItemGroup>
    <CustomBuild Include="3dfstbrk.def">
      <Filter>Source Files</Filter>
    </CustomBuild>
    <CustomBuild Include="res\3dfstbrk.rc2">
      <Filter>Resource Files</Filter>
    </CustomBuild>
  </ItemGroup>
</Project>